
Microsoft Visual Studio Solution File, Format Version 12.00
# Visual Studio Version 16
VisualStudioVersion = 16.0.30204.135
MinimumVisualStudioVersion = 10.0.40219.1
Project("{00D1A9C2-B5F0-4AF3-8072-F6C62B433612}") = "RMData", "RMData\RMData.sqlproj", "{950D6200-6BC6-4571-98F6-F727328101A6}"
EndProject
Project("{FAE04EC0-301F-11D3-BF4B-00C04F79EFBC}") = "RMDesktopUI", "RMDesktopUI\RMDesktopUI.csproj", "{F18091D1-BBBC-45E8-A504-16EF45E1C064}"
EndProject
Project("{9A19103F-16F7-4668-BE54-9A1E7A4F7556}") = "RMDataManager.Library", "RMDataManager.Library\RMDataManager.Library.csproj", "{9E266715-A8F6-494B-8526-6561BEBEB06E}"
EndProject
Project("{9A19103F-16F7-4668-BE54-9A1E7A4F7556}") = "RMDesktopUI.Library", "RMDesktopUI.Library\RMDesktopUI.Library.csproj", "{3C61F42C-4439-4231-A141-812101DF005E}"
EndProject
Project("{2150E333-8FDC-42A3-9474-1A3956D46DE8}") = "Database", "Database", "{D9DB34A6-E634-408E-AD98-4F0A39D3BFE6}"
EndProject
Project("{2150E333-8FDC-42A3-9474-1A3956D46DE8}") = "API", "API", "{BB04A8B0-A9DE-4F94-ACF7-72E18F147C1A}"
EndProject
Project("{2150E333-8FDC-42A3-9474-1A3956D46DE8}") = "WPF", "WPF", "{C38EB542-46F4-4895-AF58-C2AA4C4CDB81}"
EndProject
Project("{9A19103F-16F7-4668-BE54-9A1E7A4F7556}") = "RMApi", "RMApi\RMApi.csproj", "{CDF5D2D2-56B7-46D9-A3DE-1E02F3209D23}"
EndProject
Project("{2150E333-8FDC-42A3-9474-1A3956D46DE8}") = "Solution Items", "Solution Items", "{A05259D3-719F-49A9-A431-73F69D662BF1}"
	ProjectSection(SolutionItems) = preProject
		Roadmap.txt = Roadmap.txt
	EndProjectSection
EndProject
Global
	GlobalSection(SolutionConfigurationPlatforms) = preSolution
		Debug|Any CPU = Debug|Any CPU
		Release|Any CPU = Release|Any CPU
	EndGlobalSection
	GlobalSection(ProjectConfigurationPlatforms) = postSolution
		{950D6200-6BC6-4571-98F6-F727328101A6}.Debug|Any CPU.ActiveCfg = Debug|Any CPU
		{950D6200-6BC6-4571-98F6-F727328101A6}.Debug|Any CPU.Build.0 = Debug|Any CPU
		{950D6200-6BC6-4571-98F6-F727328101A6}.Debug|Any CPU.Deploy.0 = Debug|Any CPU
		{950D6200-6BC6-4571-98F6-F727328101A6}.Release|Any CPU.ActiveCfg = Release|Any CPU
		{950D6200-6BC6-4571-98F6-F727328101A6}.Release|Any CPU.Build.0 = Release|Any CPU
		{950D6200-6BC6-4571-98F6-F727328101A6}.Release|Any CPU.Deploy.0 = Release|Any CPU
		{F18091D1-BBBC-45E8-A504-16EF45E1C064}.Debug|Any CPU.ActiveCfg = Debug|Any CPU
		{F18091D1-BBBC-45E8-A504-16EF45E1C064}.Debug|Any CPU.Build.0 = Debug|Any CPU
		{F18091D1-BBBC-45E8-A504-16EF45E1C064}.Release|Any CPU.ActiveCfg = Release|Any CPU
		{F18091D1-BBBC-45E8-A504-16EF45E1C064}.Release|Any CPU.Build.0 = Release|Any CPU
		{9E266715-A8F6-494B-8526-6561BEBEB06E}.Debug|Any CPU.ActiveCfg = Debug|Any CPU
		{9E266715-A8F6-494B-8526-6561BEBEB06E}.Debug|Any CPU.Build.0 = Debug|Any CPU
		{9E266715-A8F6-494B-8526-6561BEBEB06E}.Release|Any CPU.ActiveCfg = Release|Any CPU
		{9E266715-A8F6-494B-8526-6561BEBEB06E}.Release|Any CPU.Build.0 = Release|Any CPU
		{3C61F42C-4439-4231-A141-812101DF005E}.Debug|Any CPU.ActiveCfg = Debug|Any CPU
		{3C61F42C-4439-4231-A141-812101DF005E}.Debug|Any CPU.Build.0 = Debug|Any CPU
		{3C61F42C-4439-4231-A141-812101DF005E}.Release|Any CPU.ActiveCfg = Release|Any CPU
		{3C61F42C-4439-4231-A141-812101DF005E}.Release|Any CPU.Build.0 = Release|Any CPU
		{CDF5D2D2-56B7-46D9-A3DE-1E02F3209D23}.Debug|Any CPU.ActiveCfg = Debug|Any CPU
		{CDF5D2D2-56B7-46D9-A3DE-1E02F3209D23}.Debug|Any CPU.Build.0 = Debug|Any CPU
		{CDF5D2D2-56B7-46D9-A3DE-1E02F3209D23}.Release|Any CPU.ActiveCfg = Release|Any CPU
		{CDF5D2D2-56B7-46D9-A3DE-1E02F3209D23}.Release|Any CPU.Build.0 = Release|Any CPU
	EndGlobalSection
	GlobalSection(SolutionProperties) = preSolution
		HideSolutionNode = FALSE
	EndGlobalSection
	GlobalSection(NestedProjects) = preSolution
		{950D6200-6BC6-4571-98F6-F727328101A6} = {D9DB34A6-E634-408E-AD98-4F0A39D3BFE6}
		{F18091D1-BBBC-45E8-A504-16EF45E1C064} = {C38EB542-46F4-4895-AF58-C2AA4C4CDB81}
		{9E266715-A8F6-494B-8526-6561BEBEB06E} = {BB04A8B0-A9DE-4F94-ACF7-72E18F147C1A}
		{3C61F42C-4439-4231-A141-812101DF005E} = {C38EB542-46F4-4895-AF58-C2AA4C4CDB81}
		{CDF5D2D2-56B7-46D9-A3DE-1E02F3209D23} = {BB04A8B0-A9DE-4F94-ACF7-72E18F147C1A}
	EndGlobalSection
	GlobalSection(ExtensibilityGlobals) = postSolution
		SolutionGuid = {CBE59740-A891-4777-9674-A9A0E3B7A132}
	EndGlobalSection
EndGlobal
